
Microsoft Visual Studio Solution File, Format Version 12.00
# Visual Studio Version 17
VisualStudioVersion = 17.14.36221.1 d17.14
MinimumVisualStudioVersion = 10.0.40219.1
Project("{FAE04EC0-301F-11D3-BF4B-00C04F79EFBC}") = "Infrastructure.EntityFrameWork", "Infrastructure.EntityFrameWork.csproj", "{5B45F89F-41B0-444D-A7F1-A6C35F7D9E9D}"
EndProject
Global
	GlobalSection(SolutionConfigurationPlatforms) = preSolution
		Debug|Any CPU = Debug|Any CPU
		Release|Any CPU = Release|Any CPU
	EndGlobalSection
	GlobalSection(ProjectConfigurationPlatforms) = postSolution
		{5B45F89F-41B0-444D-A7F1-A6C35F7D9E9D}.Debug|Any CPU.ActiveCfg = Debug|Any CPU
		{5B45F89F-41B0-444D-A7F1-A6C35F7D9E9D}.Debug|Any CPU.Build.0 = Debug|Any CPU
		{5B45F89F-41B0-444D-A7F1-A6C35F7D9E9D}.Release|Any CPU.ActiveCfg = Release|Any CPU
		{5B45F89F-41B0-444D-A7F1-A6C35F7D9E9D}.Release|Any CPU.Build.0 = Release|Any CPU
	EndGlobalSection
	GlobalSection(SolutionProperties) = preSolution
		HideSolutionNode = FALSE
	EndGlobalSection
	GlobalSection(ExtensibilityGlobals) = postSolution
		SolutionGuid = {39E965A3-AA29-4EEC-8CB3-50495A97C6E4}
	EndGlobalSection
EndGlobal
