
Microsoft Visual Studio Solution File, Format Version 12.00
# Visual Studio Version 17
VisualStudioVersion = 17.0.31903.59
MinimumVisualStudioVersion = 10.0.40219.1
Project("{2150E333-8FDC-42A3-9474-1A3956D46DE8}") = "src", "src", "{827E0CD3-B72D-47B6-A68D-7590B98EB39B}"
EndProject
Project("{FAE04EC0-301F-11D3-BF4B-00C04F79EFBC}") = "OperatorInterface.Infrastructure", "src\OperatorInterface.Infrastructure\OperatorInterface.Infrastructure.csproj", "{5B260D12-DD69-4859-A83B-DFD714C3DB26}"
EndProject
Project("{FAE04EC0-301F-11D3-BF4B-00C04F79EFBC}") = "OperatorInterface.Core", "src\OperatorInterface.Core\OperatorInterface.Core.csproj", "{53B92642-FBEA-47EA-B7BE-CC5D3573012A}"
EndProject
Project("{FAE04EC0-301F-11D3-BF4B-00C04F79EFBC}") = "OperatorInterface.Api", "src\OperatorInterface.Api\OperatorInterface.Api.csproj", "{505962AB-D53B-4E99-A7B7-E7BB53C25E5D}"
EndProject
Project("{FAE04EC0-301F-11D3-BF4B-00C04F79EFBC}") = "OperatorInterface.UnitTests", "tests\OperatorInterface.UnitTests\OperatorInterface.UnitTests.csproj", "{BE84A01F-43DE-4C46-8EFD-7176B3207970}"
EndProject
Project("{2150E333-8FDC-42A3-9474-1A3956D46DE8}") = "tests", "tests", "{BC369B73-BD00-4478-AF21-40DF9D0A2F0F}"
EndProject
Project("{FAE04EC0-301F-11D3-BF4B-00C04F79EFBC}") = "MockOperatorAuthorizationService", "src\MockOperatorAuthorizationService\MockOperatorAuthorizationService.csproj", "{B160C11F-5576-44EE-BE00-FE39F853DEFB}"
EndProject
Project("{2150E333-8FDC-42A3-9474-1A3956D46DE8}") = "Solution Items", "Solution Items", "{5EBA4D5D-E03C-4B8C-9B54-EB1257BF5421}"
	ProjectSection(SolutionItems) = preProject
		compose.yaml = compose.yaml
	EndProjectSection
EndProject
Project("{FAE04EC0-301F-11D3-BF4B-00C04F79EFBC}") = "OperatorInterface.IntegrationTests", "tests\OperatorInterface.IntegrationTests\OperatorInterface.IntegrationTests.csproj", "{A61BC77F-F278-4BA7-B6DC-0E60D8901B80}"
EndProject
Project("{FAE04EC0-301F-11D3-BF4B-00C04F79EFBC}") = "OperatorInterface.Queries", "src\OperatorInterface.Queries\OperatorInterface.Queries.csproj", "{300D003C-6A7D-43F9-A15A-E5E1C88BC1EA}"
EndProject
Project("{FAE04EC0-301F-11D3-BF4B-00C04F79EFBC}") = "OperatorInterface.BlazorApp", "src\OperatorInterface.BlazorApp\OperatorInterface.BlazorApp.csproj", "{38278264-F8D4-CDB3-CB89-4758B68EC8EB}"
EndProject
Global
	GlobalSection(SolutionConfigurationPlatforms) = preSolution
		Debug|Any CPU = Debug|Any CPU
		Debug|x64 = Debug|x64
		Debug|x86 = Debug|x86
		Release|Any CPU = Release|Any CPU
		Release|x64 = Release|x64
		Release|x86 = Release|x86
	EndGlobalSection
	GlobalSection(ProjectConfigurationPlatforms) = postSolution
		{5B260D12-DD69-4859-A83B-DFD714C3DB26}.Debug|Any CPU.ActiveCfg = Debug|Any CPU
		{5B260D12-DD69-4859-A83B-DFD714C3DB26}.Debug|Any CPU.Build.0 = Debug|Any CPU
		{5B260D12-DD69-4859-A83B-DFD714C3DB26}.Debug|x64.ActiveCfg = Debug|Any CPU
		{5B260D12-DD69-4859-A83B-DFD714C3DB26}.Debug|x64.Build.0 = Debug|Any CPU
		{5B260D12-DD69-4859-A83B-DFD714C3DB26}.Debug|x86.ActiveCfg = Debug|Any CPU
		{5B260D12-DD69-4859-A83B-DFD714C3DB26}.Debug|x86.Build.0 = Debug|Any CPU
		{5B260D12-DD69-4859-A83B-DFD714C3DB26}.Release|Any CPU.ActiveCfg = Release|Any CPU
		{5B260D12-DD69-4859-A83B-DFD714C3DB26}.Release|Any CPU.Build.0 = Release|Any CPU
		{5B260D12-DD69-4859-A83B-DFD714C3DB26}.Release|x64.ActiveCfg = Release|Any CPU
		{5B260D12-DD69-4859-A83B-DFD714C3DB26}.Release|x64.Build.0 = Release|Any CPU
		{5B260D12-DD69-4859-A83B-DFD714C3DB26}.Release|x86.ActiveCfg = Release|Any CPU
		{5B260D12-DD69-4859-A83B-DFD714C3DB26}.Release|x86.Build.0 = Release|Any CPU
		{53B92642-FBEA-47EA-B7BE-CC5D3573012A}.Debug|Any CPU.ActiveCfg = Debug|Any CPU
		{53B92642-FBEA-47EA-B7BE-CC5D3573012A}.Debug|Any CPU.Build.0 = Debug|Any CPU
		{53B92642-FBEA-47EA-B7BE-CC5D3573012A}.Debug|x64.ActiveCfg = Debug|Any CPU
		{53B92642-FBEA-47EA-B7BE-CC5D3573012A}.Debug|x64.Build.0 = Debug|Any CPU
		{53B92642-FBEA-47EA-B7BE-CC5D3573012A}.Debug|x86.ActiveCfg = Debug|Any CPU
		{53B92642-FBEA-47EA-B7BE-CC5D3573012A}.Debug|x86.Build.0 = Debug|Any CPU
		{53B92642-FBEA-47EA-B7BE-CC5D3573012A}.Release|Any CPU.ActiveCfg = Release|Any CPU
		{53B92642-FBEA-47EA-B7BE-CC5D3573012A}.Release|Any CPU.Build.0 = Release|Any CPU
		{53B92642-FBEA-47EA-B7BE-CC5D3573012A}.Release|x64.ActiveCfg = Release|Any CPU
		{53B92642-FBEA-47EA-B7BE-CC5D3573012A}.Release|x64.Build.0 = Release|Any CPU
		{53B92642-FBEA-47EA-B7BE-CC5D3573012A}.Release|x86.ActiveCfg = Release|Any CPU
		{53B92642-FBEA-47EA-B7BE-CC5D3573012A}.Release|x86.Build.0 = Release|Any CPU
		{505962AB-D53B-4E99-A7B7-E7BB53C25E5D}.Debug|Any CPU.ActiveCfg = Debug|Any CPU
		{505962AB-D53B-4E99-A7B7-E7BB53C25E5D}.Debug|Any CPU.Build.0 = Debug|Any CPU
		{505962AB-D53B-4E99-A7B7-E7BB53C25E5D}.Debug|x64.ActiveCfg = Debug|Any CPU
		{505962AB-D53B-4E99-A7B7-E7BB53C25E5D}.Debug|x64.Build.0 = Debug|Any CPU
		{505962AB-D53B-4E99-A7B7-E7BB53C25E5D}.Debug|x86.ActiveCfg = Debug|Any CPU
		{505962AB-D53B-4E99-A7B7-E7BB53C25E5D}.Debug|x86.Build.0 = Debug|Any CPU
		{505962AB-D53B-4E99-A7B7-E7BB53C25E5D}.Release|Any CPU.ActiveCfg = Release|Any CPU
		{505962AB-D53B-4E99-A7B7-E7BB53C25E5D}.Release|Any CPU.Build.0 = Release|Any CPU
		{505962AB-D53B-4E99-A7B7-E7BB53C25E5D}.Release|x64.ActiveCfg = Release|Any CPU
		{505962AB-D53B-4E99-A7B7-E7BB53C25E5D}.Release|x64.Build.0 = Release|Any CPU
		{505962AB-D53B-4E99-A7B7-E7BB53C25E5D}.Release|x86.ActiveCfg = Release|Any CPU
		{505962AB-D53B-4E99-A7B7-E7BB53C25E5D}.Release|x86.Build.0 = Release|Any CPU
		{BE84A01F-43DE-4C46-8EFD-7176B3207970}.Debug|Any CPU.ActiveCfg = Debug|Any CPU
		{BE84A01F-43DE-4C46-8EFD-7176B3207970}.Debug|Any CPU.Build.0 = Debug|Any CPU
		{BE84A01F-43DE-4C46-8EFD-7176B3207970}.Debug|x64.ActiveCfg = Debug|Any CPU
		{BE84A01F-43DE-4C46-8EFD-7176B3207970}.Debug|x64.Build.0 = Debug|Any CPU
		{BE84A01F-43DE-4C46-8EFD-7176B3207970}.Debug|x86.ActiveCfg = Debug|Any CPU
		{BE84A01F-43DE-4C46-8EFD-7176B3207970}.Debug|x86.Build.0 = Debug|Any CPU
		{BE84A01F-43DE-4C46-8EFD-7176B3207970}.Release|Any CPU.ActiveCfg = Release|Any CPU
		{BE84A01F-43DE-4C46-8EFD-7176B3207970}.Release|Any CPU.Build.0 = Release|Any CPU
		{BE84A01F-43DE-4C46-8EFD-7176B3207970}.Release|x64.ActiveCfg = Release|Any CPU
		{BE84A01F-43DE-4C46-8EFD-7176B3207970}.Release|x64.Build.0 = Release|Any CPU
		{BE84A01F-43DE-4C46-8EFD-7176B3207970}.Release|x86.ActiveCfg = Release|Any CPU
		{BE84A01F-43DE-4C46-8EFD-7176B3207970}.Release|x86.Build.0 = Release|Any CPU
		{B160C11F-5576-44EE-BE00-FE39F853DEFB}.Debug|Any CPU.ActiveCfg = Debug|Any CPU
		{B160C11F-5576-44EE-BE00-FE39F853DEFB}.Debug|Any CPU.Build.0 = Debug|Any CPU
		{B160C11F-5576-44EE-BE00-FE39F853DEFB}.Debug|x64.ActiveCfg = Debug|Any CPU
		{B160C11F-5576-44EE-BE00-FE39F853DEFB}.Debug|x64.Build.0 = Debug|Any CPU
		{B160C11F-5576-44EE-BE00-FE39F853DEFB}.Debug|x86.ActiveCfg = Debug|Any CPU
		{B160C11F-5576-44EE-BE00-FE39F853DEFB}.Debug|x86.Build.0 = Debug|Any CPU
		{B160C11F-5576-44EE-BE00-FE39F853DEFB}.Release|Any CPU.ActiveCfg = Release|Any CPU
		{B160C11F-5576-44EE-BE00-FE39F853DEFB}.Release|Any CPU.Build.0 = Release|Any CPU
		{B160C11F-5576-44EE-BE00-FE39F853DEFB}.Release|x64.ActiveCfg = Release|Any CPU
		{B160C11F-5576-44EE-BE00-FE39F853DEFB}.Release|x64.Build.0 = Release|Any CPU
		{B160C11F-5576-44EE-BE00-FE39F853DEFB}.Release|x86.ActiveCfg = Release|Any CPU
		{B160C11F-5576-44EE-BE00-FE39F853DEFB}.Release|x86.Build.0 = Release|Any CPU
		{A61BC77F-F278-4BA7-B6DC-0E60D8901B80}.Debug|Any CPU.ActiveCfg = Debug|Any CPU
		{A61BC77F-F278-4BA7-B6DC-0E60D8901B80}.Debug|Any CPU.Build.0 = Debug|Any CPU
		{A61BC77F-F278-4BA7-B6DC-0E60D8901B80}.Debug|x64.ActiveCfg = Debug|Any CPU
		{A61BC77F-F278-4BA7-B6DC-0E60D8901B80}.Debug|x64.Build.0 = Debug|Any CPU
		{A61BC77F-F278-4BA7-B6DC-0E60D8901B80}.Debug|x86.ActiveCfg = Debug|Any CPU
		{A61BC77F-F278-4BA7-B6DC-0E60D8901B80}.Debug|x86.Build.0 = Debug|Any CPU
		{A61BC77F-F278-4BA7-B6DC-0E60D8901B80}.Release|Any CPU.ActiveCfg = Release|Any CPU
		{A61BC77F-F278-4BA7-B6DC-0E60D8901B80}.Release|Any CPU.Build.0 = Release|Any CPU
		{A61BC77F-F278-4BA7-B6DC-0E60D8901B80}.Release|x64.ActiveCfg = Release|Any CPU
		{A61BC77F-F278-4BA7-B6DC-0E60D8901B80}.Release|x64.Build.0 = Release|Any CPU
		{A61BC77F-F278-4BA7-B6DC-0E60D8901B80}.Release|x86.ActiveCfg = Release|Any CPU
		{A61BC77F-F278-4BA7-B6DC-0E60D8901B80}.Release|x86.Build.0 = Release|Any CPU
		{300D003C-6A7D-43F9-A15A-E5E1C88BC1EA}.Debug|Any CPU.ActiveCfg = Debug|Any CPU
		{300D003C-6A7D-43F9-A15A-E5E1C88BC1EA}.Debug|Any CPU.Build.0 = Debug|Any CPU
		{300D003C-6A7D-43F9-A15A-E5E1C88BC1EA}.Debug|x64.ActiveCfg = Debug|Any CPU
		{300D003C-6A7D-43F9-A15A-E5E1C88BC1EA}.Debug|x64.Build.0 = Debug|Any CPU
		{300D003C-6A7D-43F9-A15A-E5E1C88BC1EA}.Debug|x86.ActiveCfg = Debug|Any CPU
		{300D003C-6A7D-43F9-A15A-E5E1C88BC1EA}.Debug|x86.Build.0 = Debug|Any CPU
		{300D003C-6A7D-43F9-A15A-E5E1C88BC1EA}.Release|Any CPU.ActiveCfg = Release|Any CPU
		{300D003C-6A7D-43F9-A15A-E5E1C88BC1EA}.Release|Any CPU.Build.0 = Release|Any CPU
		{300D003C-6A7D-43F9-A15A-E5E1C88BC1EA}.Release|x64.ActiveCfg = Release|Any CPU
		{300D003C-6A7D-43F9-A15A-E5E1C88BC1EA}.Release|x64.Build.0 = Release|Any CPU
		{300D003C-6A7D-43F9-A15A-E5E1C88BC1EA}.Release|x86.ActiveCfg = Release|Any CPU
		{300D003C-6A7D-43F9-A15A-E5E1C88BC1EA}.Release|x86.Build.0 = Release|Any CPU
		{38278264-F8D4-CDB3-CB89-4758B68EC8EB}.Debug|Any CPU.ActiveCfg = Debug|Any CPU
		{38278264-F8D4-CDB3-CB89-4758B68EC8EB}.Debug|Any CPU.Build.0 = Debug|Any CPU
		{38278264-F8D4-CDB3-CB89-4758B68EC8EB}.Debug|x64.ActiveCfg = Debug|Any CPU
		{38278264-F8D4-CDB3-CB89-4758B68EC8EB}.Debug|x64.Build.0 = Debug|Any CPU
		{38278264-F8D4-CDB3-CB89-4758B68EC8EB}.Debug|x86.ActiveCfg = Debug|Any CPU
		{38278264-F8D4-CDB3-CB89-4758B68EC8EB}.Debug|x86.Build.0 = Debug|Any CPU
		{38278264-F8D4-CDB3-CB89-4758B68EC8EB}.Release|Any CPU.ActiveCfg = Release|Any CPU
		{38278264-F8D4-CDB3-CB89-4758B68EC8EB}.Release|Any CPU.Build.0 = Release|Any CPU
		{38278264-F8D4-CDB3-CB89-4758B68EC8EB}.Release|x64.ActiveCfg = Release|Any CPU
		{38278264-F8D4-CDB3-CB89-4758B68EC8EB}.Release|x64.Build.0 = Release|Any CPU
		{38278264-F8D4-CDB3-CB89-4758B68EC8EB}.Release|x86.ActiveCfg = Release|Any CPU
		{38278264-F8D4-CDB3-CB89-4758B68EC8EB}.Release|x86.Build.0 = Release|Any CPU
	EndGlobalSection
	GlobalSection(SolutionProperties) = preSolution
		HideSolutionNode = FALSE
	EndGlobalSection
	GlobalSection(NestedProjects) = preSolution
		{5B260D12-DD69-4859-A83B-DFD714C3DB26} = {827E0CD3-B72D-47B6-A68D-7590B98EB39B}
		{53B92642-FBEA-47EA-B7BE-CC5D3573012A} = {827E0CD3-B72D-47B6-A68D-7590B98EB39B}
		{505962AB-D53B-4E99-A7B7-E7BB53C25E5D} = {827E0CD3-B72D-47B6-A68D-7590B98EB39B}
		{BE84A01F-43DE-4C46-8EFD-7176B3207970} = {BC369B73-BD00-4478-AF21-40DF9D0A2F0F}
		{B160C11F-5576-44EE-BE00-FE39F853DEFB} = {827E0CD3-B72D-47B6-A68D-7590B98EB39B}
		{A61BC77F-F278-4BA7-B6DC-0E60D8901B80} = {BC369B73-BD00-4478-AF21-40DF9D0A2F0F}
		{300D003C-6A7D-43F9-A15A-E5E1C88BC1EA} = {827E0CD3-B72D-47B6-A68D-7590B98EB39B}
		{38278264-F8D4-CDB3-CB89-4758B68EC8EB} = {827E0CD3-B72D-47B6-A68D-7590B98EB39B}
	EndGlobalSection
	GlobalSection(ExtensibilityGlobals) = postSolution
		SolutionGuid = {6FCD66CD-D1BC-43EC-85EF-ADDD656B13E4}
	EndGlobalSection
EndGlobal
