
Microsoft Visual Studio Solution File, Format Version 12.00
# Visual Studio Version 17
VisualStudioVersion = 17.14.36109.1 d17.14
MinimumVisualStudioVersion = 10.0.40219.1
Project("{FAE04EC0-301F-11D3-BF4B-00C04F79EFBC}") = "GetTicket", "GetTicket\GetTicket.csproj", "{974626D3-7765-4F03-A248-C2F9F511D364}"
EndProject
Global
	GlobalSection(SolutionConfigurationPlatforms) = preSolution
		Debug|Any CPU = Debug|Any CPU
		Release|Any CPU = Release|Any CPU
	EndGlobalSection
	GlobalSection(ProjectConfigurationPlatforms) = postSolution
		{974626D3-7765-4F03-A248-C2F9F511D364}.Debug|Any CPU.ActiveCfg = Debug|Any CPU
		{974626D3-7765-4F03-A248-C2F9F511D364}.Debug|Any CPU.Build.0 = Debug|Any CPU
		{974626D3-7765-4F03-A248-C2F9F511D364}.Release|Any CPU.ActiveCfg = Release|Any CPU
		{974626D3-7765-4F03-A248-C2F9F511D364}.Release|Any CPU.Build.0 = Release|Any CPU
	EndGlobalSection
	GlobalSection(SolutionProperties) = preSolution
		HideSolutionNode = FALSE
	EndGlobalSection
	GlobalSection(ExtensibilityGlobals) = postSolution
		SolutionGuid = {6BB0CD3A-EB82-4FD5-9FC6-44CEAB14C418}
	EndGlobalSection
EndGlobal
