
Microsoft Visual Studio Solution File, Format Version 12.00
# Visual Studio Version 17
VisualStudioVersion = 17.14.36221.1 d17.14
MinimumVisualStudioVersion = 10.0.40219.1
Project("{FAE04EC0-301F-11D3-BF4B-00C04F79EFBC}") = "PreRegistrationService", "PreRegistrationService.csproj", "{96DFC72F-74F5-4A0D-B5E4-78376E51D5B1}"
EndProject
Project("{FAE04EC0-301F-11D3-BF4B-00C04F79EFBC}") = "Infrastructure.EntityFrameWork", "..\..\Infrastructure\Infrastructure.EntityFrameWork\Infrastructure.EntityFrameWork.csproj", "{4A7DAD6B-7C4B-485D-9604-304F221AB9EB}"
EndProject
Project("{FAE04EC0-301F-11D3-BF4B-00C04F79EFBC}") = "Domain.Entities", "..\..\Domain\Domain.Entities\Domain.Entities.csproj", "{F721A9B2-AA64-3185-5668-7289EC0BA549}"
EndProject
Global
	GlobalSection(SolutionConfigurationPlatforms) = preSolution
		Debug|Any CPU = Debug|Any CPU
		Release|Any CPU = Release|Any CPU
	EndGlobalSection
	GlobalSection(ProjectConfigurationPlatforms) = postSolution
		{96DFC72F-74F5-4A0D-B5E4-78376E51D5B1}.Debug|Any CPU.ActiveCfg = Debug|Any CPU
		{96DFC72F-74F5-4A0D-B5E4-78376E51D5B1}.Debug|Any CPU.Build.0 = Debug|Any CPU
		{96DFC72F-74F5-4A0D-B5E4-78376E51D5B1}.Release|Any CPU.ActiveCfg = Release|Any CPU
		{96DFC72F-74F5-4A0D-B5E4-78376E51D5B1}.Release|Any CPU.Build.0 = Release|Any CPU
		{4A7DAD6B-7C4B-485D-9604-304F221AB9EB}.Debug|Any CPU.ActiveCfg = Debug|Any CPU
		{4A7DAD6B-7C4B-485D-9604-304F221AB9EB}.Debug|Any CPU.Build.0 = Debug|Any CPU
		{4A7DAD6B-7C4B-485D-9604-304F221AB9EB}.Release|Any CPU.ActiveCfg = Release|Any CPU
		{4A7DAD6B-7C4B-485D-9604-304F221AB9EB}.Release|Any CPU.Build.0 = Release|Any CPU
		{F721A9B2-AA64-3185-5668-7289EC0BA549}.Debug|Any CPU.ActiveCfg = Debug|Any CPU
		{F721A9B2-AA64-3185-5668-7289EC0BA549}.Debug|Any CPU.Build.0 = Debug|Any CPU
		{F721A9B2-AA64-3185-5668-7289EC0BA549}.Release|Any CPU.ActiveCfg = Release|Any CPU
		{F721A9B2-AA64-3185-5668-7289EC0BA549}.Release|Any CPU.Build.0 = Release|Any CPU
	EndGlobalSection
	GlobalSection(SolutionProperties) = preSolution
		HideSolutionNode = FALSE
	EndGlobalSection
	GlobalSection(ExtensibilityGlobals) = postSolution
		SolutionGuid = {81ED3373-A24D-42AD-9DB5-AD40F8F118C2}
	EndGlobalSection
EndGlobal
